
Microsoft Visual Studio Solution File, Format Version 12.00
# Visual Studio Version 17
VisualStudioVersion = 17.14.36414.22 d17.14
MinimumVisualStudioVersion = 10.0.40219.1
Project("{FAE04EC0-301F-11D3-BF4B-00C04F79EFBC}") = "Practica-1", "Practica-1\Practica-1.csproj", "{D6379711-9E98-4E02-A76C-547B5DC05A15}"
EndProject
Global
	GlobalSection(SolutionConfigurationPlatforms) = preSolution
		Debug|Any CPU = Debug|Any CPU
		Release|Any CPU = Release|Any CPU
	EndGlobalSection
	GlobalSection(ProjectConfigurationPlatforms) = postSolution
		{D6379711-9E98-4E02-A76C-547B5DC05A15}.Debug|Any CPU.ActiveCfg = Debug|Any CPU
		{D6379711-9E98-4E02-A76C-547B5DC05A15}.Debug|Any CPU.Build.0 = Debug|Any CPU
		{D6379711-9E98-4E02-A76C-547B5DC05A15}.Release|Any CPU.ActiveCfg = Release|Any CPU
		{D6379711-9E98-4E02-A76C-547B5DC05A15}.Release|Any CPU.Build.0 = Release|Any CPU
	EndGlobalSection
	GlobalSection(SolutionProperties) = preSolution
		HideSolutionNode = FALSE
	EndGlobalSection
	GlobalSection(ExtensibilityGlobals) = postSolution
		SolutionGuid = {429208CA-B74F-4278-B6DD-514B8E40D0DA}
	EndGlobalSection
EndGlobal
